
Microsoft Visual Studio Solution File, Format Version 12.00
# Visual Studio 15
VisualStudioVersion = 15.0.27428.2037
MinimumVisualStudioVersion = 10.0.40219.1
Project("{FAE04EC0-301F-11D3-BF4B-00C04F79EFBC}") = "App1.Android", "App1\App1.Android\App1.Android.csproj", "{AA25DFB0-9A9A-44E1-833B-1C120A101BB9}"
EndProject
Project("{FAE04EC0-301F-11D3-BF4B-00C04F79EFBC}") = "App1", "App1\App1\App1.csproj", "{1482014C-B5B4-41FF-8164-3A9055763853}"
EndProject
Global
	GlobalSection(SolutionConfigurationPlatforms) = preSolution
		Debug|Any CPU = Debug|Any CPU
		Release|Any CPU = Release|Any CPU
	EndGlobalSection
	GlobalSection(ProjectConfigurationPlatforms) = postSolution
		{AA25DFB0-9A9A-44E1-833B-1C120A101BB9}.Debug|Any CPU.ActiveCfg = Debug|Any CPU
		{AA25DFB0-9A9A-44E1-833B-1C120A101BB9}.Debug|Any CPU.Build.0 = Debug|Any CPU
		{AA25DFB0-9A9A-44E1-833B-1C120A101BB9}.Debug|Any CPU.Deploy.0 = Debug|Any CPU
		{AA25DFB0-9A9A-44E1-833B-1C120A101BB9}.Release|Any CPU.ActiveCfg = Release|Any CPU
		{AA25DFB0-9A9A-44E1-833B-1C120A101BB9}.Release|Any CPU.Build.0 = Release|Any CPU
		{AA25DFB0-9A9A-44E1-833B-1C120A101BB9}.Release|Any CPU.Deploy.0 = Release|Any CPU
		{1482014C-B5B4-41FF-8164-3A9055763853}.Debug|Any CPU.ActiveCfg = Debug|Any CPU
		{1482014C-B5B4-41FF-8164-3A9055763853}.Debug|Any CPU.Build.0 = Debug|Any CPU
		{1482014C-B5B4-41FF-8164-3A9055763853}.Release|Any CPU.ActiveCfg = Release|Any CPU
		{1482014C-B5B4-41FF-8164-3A9055763853}.Release|Any CPU.Build.0 = Release|Any CPU
	EndGlobalSection
	GlobalSection(SolutionProperties) = preSolution
		HideSolutionNode = FALSE
	EndGlobalSection
	GlobalSection(ExtensibilityGlobals) = postSolution
		SolutionGuid = {163D6577-0AAB-44A2-A168-948B267DE286}
	EndGlobalSection
EndGlobal
